PATH
  remote: ..
  specs:
    rspec_candy (0.4.1)
      rspec
      sneaky-save

GEM
  remote: https://rubygems.org/
  specs:
    activerecord (2.3.18)
      activesupport (= 2.3.18)
    activesupport (2.3.18)
    database_cleaner (1.2.0)
    rake (10.4.2)
    rspec (1.3.2)
    sneaky-save (0.0.2)
      activerecord (>= 2.3.2)
    sqlite3 (1.3.10)

PLATFORMS
  ruby

DEPENDENCIES
  activerecord (~> 2.3.18)
  database_cleaner
  rake
  rspec (~> 1.3.2)
  rspec_candy!
  sqlite3

BUNDLED WITH
   1.12.5
